
Microsoft Visual Studio Solution File, Format Version 12.00
# Visual Studio Version 17
VisualStudioVersion = 17.7.34221.43
MinimumVisualStudioVersion = 10.0.40219.1
Project("{FAE04EC0-301F-11D3-BF4B-00C04F79EFBC}") = "15_11_23", "15_11_23\15_11_23.csproj", "{BAEE02FE-D553-46B0-9D10-258861C615D4}"
EndProject
Global
	GlobalSection(SolutionConfigurationPlatforms) = preSolution
		Debug|Any CPU = Debug|Any CPU
		Release|Any CPU = Release|Any CPU
	EndGlobalSection
	GlobalSection(ProjectConfigurationPlatforms) = postSolution
		{BAEE02FE-D553-46B0-9D10-258861C615D4}.Debug|Any CPU.ActiveCfg = Debug|Any CPU
		{BAEE02FE-D553-46B0-9D10-258861C615D4}.Debug|Any CPU.Build.0 = Debug|Any CPU
		{BAEE02FE-D553-46B0-9D10-258861C615D4}.Release|Any CPU.ActiveCfg = Release|Any CPU
		{BAEE02FE-D553-46B0-9D10-258861C615D4}.Release|Any CPU.Build.0 = Release|Any CPU
	EndGlobalSection
	GlobalSection(SolutionProperties) = preSolution
		HideSolutionNode = FALSE
	EndGlobalSection
	GlobalSection(ExtensibilityGlobals) = postSolution
		SolutionGuid = {D3BFC320-E178-49DD-9D3F-B3D7E3EC602B}
	EndGlobalSection
EndGlobal
